{
  "actualbudget/actual-server:latest": "sha256:3d7fb08d3b405426e8625013a5ed95f5015e6c04d0f044e2e3fe7d7b7a41951b",
  "dullage/flatnotes:latest": "sha256:cfa8e12c818a977220677b72649a70db5fa49faf630b2e819e48ed37b1a9cba5",
  "ghcr.io/docker-mailserver/docker-mailserver:latest": "sha256:af51b15dd3fc72153c0e90eb7692bb5e3a463212d87959a80fa7aa89b617d44a",
  "ghcr.io/getalby/hub:latest": "sha256:2fdeba8991028939ee3b98dca83b7bfaa1dbb6b27dc9182b5552d65395213f96",
  "ghcr.io/immich-app/immich-machine-learning:release": "sha256:f34e855424fd91c5990132e5b2bde91e1d178ec5205de293ebd8779839a4a77c",
  "ghcr.io/immich-app/immich-server:release": "sha256:1d303559b4c7c6b4ea3cea2276279e4cafdf605c624625674924a6ac04f263cb",
  "ghcr.io/open-webui/open-webui:latest": "sha256:b101231569b46b326f8badfde103aa570fb97d962140a5ef08ee2603d6458be7",
  "ghcr.io/plankanban/planka:2.0.0-rc.3": "sha256:5a2a69ec7159a2f9c6679c31698e4b5b17ccf254d5bfc6e9be43e411b6de0c3d",
  "gitea/gitea": "sha256:137a322f0308056415bc1a14a4ca8607b2e8efcb8154dfc5049b1f7f8b0a9b71",
  "homeassistant/home-assistant": "sha256:cd742b4b3311c7e84a978448860088e734221e9314b73e3931d148d1b081a263",
  "louislam/uptime-kuma:1": "sha256:431fee3be822b04861cf0e35daf4beef6b7cb37391c5f26c3ad6e12ce280fe18",
  "lscr.io/linuxserver/duplicati:latest": "sha256:c4b14e52b6e011242b1fc306bddd264b290760ea9e095a66538b51af7747fc7a",
  "lscr.io/linuxserver/heimdall": "sha256:866559ba9f148ddf4b72101b09ced92875a84c065a768d37147cc8ddf3785d4c",
  "lscr.io/linuxserver/jellyfin:latest": "sha256:615b294ebdc3508e1529ff20f6ff2ba882c9a1abfee6dcedd2ed9e6f2243521c",
  "lscr.io/linuxserver/mariadb": "sha256:e7e61b51905a0ad386f11fed1c6401179638987459067b4acb0c52a34e603840",
  "lscr.io/linuxserver/mariadb:latest": "sha256:e7e61b51905a0ad386f11fed1c6401179638987459067b4acb0c52a34e603840",
  "lscr.io/linuxserver/nextcloud": "sha256:3c3a996203f25b3c1b9551dbfb8f4c4c8de8adc6d1d6fe77b164f30426d64d13",
  "lscr.io/linuxserver/speedtest-tracker": "sha256:d93ad74dd4bb4627c8775277b3dfce702033091d97166d9ffa046d8a813d4e49",
  "lscr.io/linuxserver/swag:latest": "sha256:e62a0cad4d6f531f355f7bed16d22129612373d01aed6576c606914febe85955",
  "lscr.io/linuxserver/unifi-network-application": "sha256:022dc69b44c28f39d6beb4a269a02f4d0794ec4513d0625eaa2357f4974fdd7f",
  "nold360/borgserver:latest": "sha256:16171f5553588f4feb6ef38abdb1b4ed8dd2502a72fa0bdb6a8078c55d6705a9",
  "searxng/searxng:latest": "sha256:8c4429790d201f50b03399f8d7527ec1def9eab4b6a2bef5f23f0d5610315d07",
  "valkey/valkey:8-alpine": "sha256:9c3e63b9b6ba69f2fe5d4e32dd8c0e2be3b3e9cbee3940c0cde6a884d55a303a",
  "vaultwarden/server": "sha256:84fd8a47f58d79a1ad824c27be0a9492750c0fa5216b35c749863093bfa3c3d7",
  "vikunja/vikunja": "sha256:52c4d3509c4b0ed3bc0bf06355008745be3674d4398f17b6987b06ef42ec219e",
  "zefhemel/silverbullet": "sha256:69e37ce27c693fe6640d2c792c5161413d0b715195660df9fea024fd42a7162b",
  "zwavejs/zwavejs2mqtt": "sha256:a11ff4e2e106ca99666cc7c4ad2510f3e58fe6fa8cd14c323539bc1090ac7cb7"
}