{
  "actualbudget/actual-server:latest": {
    "metadata": {
      "name": "actualbudget/actual-server",
      "selected_version": "latest",
      "resolved_version": "sha256:7f38b450cc3b7523dd5377792895e58b9cf333769e5a27f89e643b6f5fc60565",
      "dep_type": "docker",
      "description": "Docker image actualbudget/actual-server:latest from registry-1.docker.io"
    },
    "lock": "sha256:7f38b450cc3b7523dd5377792895e58b9cf333769e5a27f89e643b6f5fc60565"
  },
  "dullage/flatnotes:latest": {
    "metadata": {
      "name": "dullage/flatnotes",
      "selected_version": "latest",
      "resolved_version": "sha256:a509830073d6548d35450a98be3a432716430b674cc70ac93cbbaed1555b5a28",
      "dep_type": "docker",
      "description": "Docker image dullage/flatnotes:latest from registry-1.docker.io"
    },
    "lock": "sha256:a509830073d6548d35450a98be3a432716430b674cc70ac93cbbaed1555b5a28"
  },
  "ghcr.io/docker-mailserver/docker-mailserver:latest": {
    "metadata": {
      "name": "docker-mailserver/docker-mailserver",
      "selected_version": "latest",
      "resolved_version": "v15.1.0",
      "timestamp": "2025-08-12T22:00:57.467557307Z",
      "dep_type": "docker",
      "description": "Docker image docker-mailserver/docker-mailserver:latest from ghcr.io"
    },
    "lock": "sha256:af51b15dd3fc72153c0e90eb7692bb5e3a463212d87959a80fa7aa89b617d44a"
  },
  "ghcr.io/getalby/hub:latest": {
    "metadata": {
      "name": "getalby/hub",
      "selected_version": "latest",
      "resolved_version": "sha256:7b086b7b2e56bced4befffff22041c5c4e2bb423649ee57a06d971384a8f337c",
      "dep_type": "docker",
      "description": "Docker image getalby/hub:latest from ghcr.io"
    },
    "lock": "sha256:7b086b7b2e56bced4befffff22041c5c4e2bb423649ee57a06d971384a8f337c"
  },
  "ghcr.io/hargata/lubelogger:latest": {
    "metadata": {
      "name": "hargata/lubelogger",
      "selected_version": "latest",
      "resolved_version": "sha256:652d69da9c1f54ca15c833ae667e4030ca8fa1d50b1fda50e58172897a150e47",
      "dep_type": "docker",
      "description": "Docker image hargata/lubelogger:latest from ghcr.io"
    },
    "lock": "sha256:652d69da9c1f54ca15c833ae667e4030ca8fa1d50b1fda50e58172897a150e47"
  },
  "ghcr.io/immich-app/immich-machine-learning:release": {
    "metadata": {
      "name": "immich-app/immich-machine-learning",
      "selected_version": "release",
      "resolved_version": "sha256:b3deefd1826f113824e9d7bc30d905e7f823535887d03f869330946b6db3b44a",
      "dep_type": "docker",
      "description": "Docker image immich-app/immich-machine-learning:release from ghcr.io"
    },
    "lock": "sha256:b3deefd1826f113824e9d7bc30d905e7f823535887d03f869330946b6db3b44a"
  },
  "ghcr.io/immich-app/immich-server:release": {
    "metadata": {
      "name": "immich-app/immich-server",
      "selected_version": "release",
      "resolved_version": "sha256:e6a6298e67ae077808fdb7d8d5565955f60b0708191576143fc02d30ab1389d1",
      "dep_type": "docker",
      "description": "Docker image immich-app/immich-server:release from ghcr.io"
    },
    "lock": "sha256:e6a6298e67ae077808fdb7d8d5565955f60b0708191576143fc02d30ab1389d1"
  },
  "ghcr.io/plankanban/planka:2.0.0-rc.3": {
    "metadata": {
      "name": "plankanban/planka",
      "selected_version": "2.0.0-rc.3",
      "resolved_version": "sha256:5a2a69ec7159a2f9c6679c31698e4b5b17ccf254d5bfc6e9be43e411b6de0c3d",
      "dep_type": "docker",
      "description": "Docker image plankanban/planka:2.0.0-rc.3 from ghcr.io"
    },
    "lock": "sha256:5a2a69ec7159a2f9c6679c31698e4b5b17ccf254d5bfc6e9be43e411b6de0c3d"
  },
  "gitea/gitea": {
    "metadata": {
      "name": "gitea/gitea",
      "selected_version": "latest",
      "resolved_version": "sha256:fee0e5e55da6d2d11186bf39023a772fe63d9deffc0a83283e3d8e5d11c2716a",
      "dep_type": "docker",
      "description": "Docker image gitea/gitea:latest from registry-1.docker.io"
    },
    "lock": "sha256:fee0e5e55da6d2d11186bf39023a772fe63d9deffc0a83283e3d8e5d11c2716a"
  },
  "homeassistant/home-assistant": {
    "metadata": {
      "name": "homeassistant/home-assistant",
      "selected_version": "latest",
      "resolved_version": "sha256:9a5a3eb4a213dfb25932dee9dc6815c9305f78cecb5afa716fa2483163d8fb5b",
      "dep_type": "docker",
      "description": "Docker image homeassistant/home-assistant:latest from registry-1.docker.io"
    },
    "lock": "sha256:9a5a3eb4a213dfb25932dee9dc6815c9305f78cecb5afa716fa2483163d8fb5b"
  },
  "louislam/uptime-kuma:1": {
    "metadata": {
      "name": "louislam/uptime-kuma",
      "selected_version": "1",
      "resolved_version": "sha256:3d632903e6af34139a37f18055c4f1bfd9b7205ae1138f1e5e8940ddc1d176f9",
      "dep_type": "docker",
      "description": "Docker image louislam/uptime-kuma:1 from registry-1.docker.io"
    },
    "lock": "sha256:3d632903e6af34139a37f18055c4f1bfd9b7205ae1138f1e5e8940ddc1d176f9"
  },
  "lscr.io/linuxserver/duplicati:latest": {
    "metadata": {
      "name": "linuxserver/duplicati",
      "selected_version": "latest",
      "resolved_version": "sha256:82cf812454c74e4beda15f2565522c892fee4a501a7425a0def29d38c87b0c66",
      "dep_type": "docker",
      "description": "Docker image linuxserver/duplicati:latest from lscr.io"
    },
    "lock": "sha256:82cf812454c74e4beda15f2565522c892fee4a501a7425a0def29d38c87b0c66"
  },
  "lscr.io/linuxserver/heimdall": {
    "metadata": {
      "name": "linuxserver/heimdall",
      "selected_version": "latest",
      "resolved_version": "sha256:3f6905759c029b3223fb4f2ad2bce67e97fb24f571acade1bbebb69e6d57e083",
      "dep_type": "docker",
      "description": "Docker image linuxserver/heimdall:latest from lscr.io"
    },
    "lock": "sha256:3f6905759c029b3223fb4f2ad2bce67e97fb24f571acade1bbebb69e6d57e083"
  },
  "lscr.io/linuxserver/jellyfin:latest": {
    "metadata": {
      "name": "linuxserver/jellyfin",
      "selected_version": "latest",
      "resolved_version": "sha256:747bc6725c5e4f1330e693b50d787e2106e52ac5b25c4174ca5f58915fc17ec8",
      "dep_type": "docker",
      "description": "Docker image linuxserver/jellyfin:latest from lscr.io"
    },
    "lock": "sha256:747bc6725c5e4f1330e693b50d787e2106e52ac5b25c4174ca5f58915fc17ec8"
  },
  "lscr.io/linuxserver/mariadb": {
    "metadata": {
      "name": "linuxserver/mariadb",
      "selected_version": "latest",
      "resolved_version": "sha256:1fa6fab7aed1a1acbe4a60d62bf89e9ba4d1e16b331c8a64f80b14e0117ebd88",
      "dep_type": "docker",
      "description": "Docker image linuxserver/mariadb:latest from lscr.io"
    },
    "lock": "sha256:1fa6fab7aed1a1acbe4a60d62bf89e9ba4d1e16b331c8a64f80b14e0117ebd88"
  },
  "lscr.io/linuxserver/nextcloud": {
    "metadata": {
      "name": "linuxserver/nextcloud",
      "selected_version": "latest",
      "resolved_version": "sha256:ca64c4d003303ecc043cc624933511c275eefcecd871969ae97e3d6ebcff153c",
      "dep_type": "docker",
      "description": "Docker image linuxserver/nextcloud:latest from lscr.io"
    },
    "lock": "sha256:ca64c4d003303ecc043cc624933511c275eefcecd871969ae97e3d6ebcff153c"
  },
  "lscr.io/linuxserver/speedtest-tracker": {
    "metadata": {
      "name": "linuxserver/speedtest-tracker",
      "selected_version": "latest",
      "resolved_version": "sha256:ff645c6421782d14538aa81846ea0f0417064c43c0078ffb047dbce808185bfa",
      "dep_type": "docker",
      "description": "Docker image linuxserver/speedtest-tracker:latest from lscr.io"
    },
    "lock": "sha256:ff645c6421782d14538aa81846ea0f0417064c43c0078ffb047dbce808185bfa"
  },
  "lscr.io/linuxserver/swag:latest": {
    "metadata": {
      "name": "linuxserver/swag",
      "selected_version": "latest",
      "resolved_version": "sha256:23df2cf31c659649448e8ae1a3e25701c875212de6bc995d046b7ba1e23683a3",
      "dep_type": "docker",
      "description": "Docker image linuxserver/swag:latest from lscr.io"
    },
    "lock": "sha256:23df2cf31c659649448e8ae1a3e25701c875212de6bc995d046b7ba1e23683a3"
  },
  "lscr.io/linuxserver/unifi-network-application": {
    "metadata": {
      "name": "linuxserver/unifi-network-application",
      "selected_version": "latest",
      "resolved_version": "sha256:268340299e6a8a85c29800923e242c60ed7baa24557943f0ff5ec4ea52804232",
      "dep_type": "docker",
      "description": "Docker image linuxserver/unifi-network-application:latest from lscr.io"
    },
    "lock": "sha256:268340299e6a8a85c29800923e242c60ed7baa24557943f0ff5ec4ea52804232"
  },
  "nold360/borgserver:latest": {
    "metadata": {
      "name": "nold360/borgserver",
      "selected_version": "latest",
      "resolved_version": "sha256:e4d2716b0b156c3755881e5782b9b0845475a713a5a1b176b8d323f112fdf1ae",
      "dep_type": "docker",
      "description": "Docker image nold360/borgserver:latest from registry-1.docker.io"
    },
    "lock": "sha256:e4d2716b0b156c3755881e5782b9b0845475a713a5a1b176b8d323f112fdf1ae"
  },
  "searxng/searxng:latest": {
    "metadata": {
      "name": "searxng/searxng",
      "selected_version": "latest",
      "resolved_version": "sha256:472dd0c84b8e2a05bca773b4a430b9fc9e4e92cd4fa0afaa223efab925ab752a",
      "dep_type": "docker",
      "description": "Docker image searxng/searxng:latest from registry-1.docker.io"
    },
    "lock": "sha256:472dd0c84b8e2a05bca773b4a430b9fc9e4e92cd4fa0afaa223efab925ab752a"
  },
  "valkey/valkey:8-alpine": {
    "metadata": {
      "name": "valkey/valkey",
      "selected_version": "8-alpine",
      "resolved_version": "2025-12-22",
      "timestamp": "2025-12-22T19:54:45.151368839Z",
      "dep_type": "docker",
      "description": "Docker image valkey/valkey:8-alpine from registry-1.docker.io"
    },
    "lock": "sha256:3c3ccc8571d4866ec5ac5ffb2519b6b6a1fdbf6b5ff5fdab075413026fbff273"
  },
  "vaultwarden/server": {
    "metadata": {
      "name": "vaultwarden/server",
      "selected_version": "latest",
      "resolved_version": "sha256:1d43c6754a030861f960fd4dab47e1b33fc19f05bd5f8f597ab7236465a6f14b",
      "dep_type": "docker",
      "description": "Docker image vaultwarden/server:latest from registry-1.docker.io"
    },
    "lock": "sha256:1d43c6754a030861f960fd4dab47e1b33fc19f05bd5f8f597ab7236465a6f14b"
  },
  "zwavejs/zwavejs2mqtt": {
    "metadata": {
      "name": "zwavejs/zwavejs2mqtt",
      "selected_version": "latest",
      "resolved_version": "sha256:a42abc1f3185f800afe3c9908629efdbcf743cf7e1d8a3795ff5b442cfff3503",
      "dep_type": "docker",
      "description": "Docker image zwavejs/zwavejs2mqtt:latest from registry-1.docker.io"
    },
    "lock": "sha256:a42abc1f3185f800afe3c9908629efdbcf743cf7e1d8a3795ff5b442cfff3503"
  }
}