{
  "actualbudget/actual-server:latest": {
    "metadata": {
      "name": "actualbudget/actual-server",
      "selected_version": "latest",
      "resolved_version": "sha256:e18b7fbfec6157a368fad4146563f397502e9da70a120aeaeac63b4977405d1c",
      "dep_type": "docker",
      "description": "Docker image actualbudget/actual-server:latest from registry-1.docker.io"
    },
    "lock": "sha256:e18b7fbfec6157a368fad4146563f397502e9da70a120aeaeac63b4977405d1c"
  },
  "dullage/flatnotes:latest": {
    "metadata": {
      "name": "dullage/flatnotes",
      "selected_version": "latest",
      "resolved_version": "sha256:a509830073d6548d35450a98be3a432716430b674cc70ac93cbbaed1555b5a28",
      "dep_type": "docker",
      "description": "Docker image dullage/flatnotes:latest from registry-1.docker.io"
    },
    "lock": "sha256:a509830073d6548d35450a98be3a432716430b674cc70ac93cbbaed1555b5a28"
  },
  "ghcr.io/docker-mailserver/docker-mailserver:latest": {
    "metadata": {
      "name": "docker-mailserver/docker-mailserver",
      "selected_version": "latest",
      "resolved_version": "v15.1.0",
      "timestamp": "2025-08-12T22:00:57.467557307Z",
      "dep_type": "docker",
      "description": "Docker image docker-mailserver/docker-mailserver:latest from ghcr.io"
    },
    "lock": "sha256:af51b15dd3fc72153c0e90eb7692bb5e3a463212d87959a80fa7aa89b617d44a"
  },
  "ghcr.io/getalby/hub:latest": {
    "metadata": {
      "name": "getalby/hub",
      "selected_version": "latest",
      "resolved_version": "sha256:03074e1cb7a1814fcecedfd6e2bf2b2fe8643b2891db03cfb634076252138962",
      "dep_type": "docker",
      "description": "Docker image getalby/hub:latest from ghcr.io"
    },
    "lock": "sha256:03074e1cb7a1814fcecedfd6e2bf2b2fe8643b2891db03cfb634076252138962"
  },
  "ghcr.io/hargata/lubelogger:latest": {
    "metadata": {
      "name": "hargata/lubelogger",
      "selected_version": "latest",
      "resolved_version": "sha256:82093696a6cfd73c3b6678e6233acb25e9979604ee9659faa3f955e6895ba191",
      "dep_type": "docker",
      "description": "Docker image hargata/lubelogger:latest from ghcr.io"
    },
    "lock": "sha256:82093696a6cfd73c3b6678e6233acb25e9979604ee9659faa3f955e6895ba191"
  },
  "ghcr.io/immich-app/immich-machine-learning:release": {
    "metadata": {
      "name": "immich-app/immich-machine-learning",
      "selected_version": "release",
      "resolved_version": "sha256:cb2128c5cbc554fdaa2a036fb4419c808a9f3e0f27170e569dd9e727243da909",
      "dep_type": "docker",
      "description": "Docker image immich-app/immich-machine-learning:release from ghcr.io"
    },
    "lock": "sha256:cb2128c5cbc554fdaa2a036fb4419c808a9f3e0f27170e569dd9e727243da909"
  },
  "ghcr.io/immich-app/immich-server:release": {
    "metadata": {
      "name": "immich-app/immich-server",
      "selected_version": "release",
      "resolved_version": "sha256:46dedfc5848f7313bd6b584ea9f2648057430307aad6de56de968f6710a72cae",
      "dep_type": "docker",
      "description": "Docker image immich-app/immich-server:release from ghcr.io"
    },
    "lock": "sha256:46dedfc5848f7313bd6b584ea9f2648057430307aad6de56de968f6710a72cae"
  },
  "ghcr.io/plankanban/planka:2.0.0-rc.3": {
    "metadata": {
      "name": "plankanban/planka",
      "selected_version": "2.0.0-rc.3",
      "resolved_version": "sha256:5a2a69ec7159a2f9c6679c31698e4b5b17ccf254d5bfc6e9be43e411b6de0c3d",
      "dep_type": "docker",
      "description": "Docker image plankanban/planka:2.0.0-rc.3 from ghcr.io"
    },
    "lock": "sha256:5a2a69ec7159a2f9c6679c31698e4b5b17ccf254d5bfc6e9be43e411b6de0c3d"
  },
  "gitea/gitea": {
    "metadata": {
      "name": "gitea/gitea",
      "selected_version": "latest",
      "resolved_version": "sha256:8e25c717b8f748445e15ec46e0390f577cb628101184cb0a150d1dae126c1f39",
      "dep_type": "docker",
      "description": "Docker image gitea/gitea:latest from registry-1.docker.io"
    },
    "lock": "sha256:8e25c717b8f748445e15ec46e0390f577cb628101184cb0a150d1dae126c1f39"
  },
  "homeassistant/home-assistant": {
    "metadata": {
      "name": "homeassistant/home-assistant",
      "selected_version": "latest",
      "resolved_version": "sha256:f73512ba4fe06bb4d57636fe3578d0820cdec46f81e8f837ab59e451662ff3cb",
      "dep_type": "docker",
      "description": "Docker image homeassistant/home-assistant:latest from registry-1.docker.io"
    },
    "lock": "sha256:f73512ba4fe06bb4d57636fe3578d0820cdec46f81e8f837ab59e451662ff3cb"
  },
  "jhonderson/actual-http-api:latest": {
    "metadata": {
      "name": "jhonderson/actual-http-api",
      "selected_version": "latest",
      "resolved_version": "sha256:7bb545a83456660dda1484f7f1197e1c0a4c1066ede3b7d924cd2e1eabbdbd73",
      "dep_type": "docker",
      "description": "Docker image jhonderson/actual-http-api:latest from registry-1.docker.io"
    },
    "lock": "sha256:7bb545a83456660dda1484f7f1197e1c0a4c1066ede3b7d924cd2e1eabbdbd73"
  },
  "louislam/uptime-kuma:1": {
    "metadata": {
      "name": "louislam/uptime-kuma",
      "selected_version": "1",
      "resolved_version": "sha256:3d632903e6af34139a37f18055c4f1bfd9b7205ae1138f1e5e8940ddc1d176f9",
      "dep_type": "docker",
      "description": "Docker image louislam/uptime-kuma:1 from registry-1.docker.io"
    },
    "lock": "sha256:3d632903e6af34139a37f18055c4f1bfd9b7205ae1138f1e5e8940ddc1d176f9"
  },
  "lscr.io/linuxserver/duplicati:latest": {
    "metadata": {
      "name": "linuxserver/duplicati",
      "selected_version": "latest",
      "resolved_version": "sha256:724e4f9cec948ace811d4895820d6ec888b6c62690667c5a67f72d92f4c11d2c",
      "dep_type": "docker",
      "description": "Docker image linuxserver/duplicati:latest from lscr.io"
    },
    "lock": "sha256:724e4f9cec948ace811d4895820d6ec888b6c62690667c5a67f72d92f4c11d2c"
  },
  "lscr.io/linuxserver/heimdall": {
    "metadata": {
      "name": "linuxserver/heimdall",
      "selected_version": "latest",
      "resolved_version": "sha256:536eb14f068fe3f052b92f94ca606db689d1d1b79b5408d1242c12e882e4ed66",
      "dep_type": "docker",
      "description": "Docker image linuxserver/heimdall:latest from lscr.io"
    },
    "lock": "sha256:536eb14f068fe3f052b92f94ca606db689d1d1b79b5408d1242c12e882e4ed66"
  },
  "lscr.io/linuxserver/jellyfin:latest": {
    "metadata": {
      "name": "linuxserver/jellyfin",
      "selected_version": "latest",
      "resolved_version": "sha256:96d21c396f46f10578931c2941e3f2789f7087b5ab0e166afedf29e7385c6aa7",
      "dep_type": "docker",
      "description": "Docker image linuxserver/jellyfin:latest from lscr.io"
    },
    "lock": "sha256:96d21c396f46f10578931c2941e3f2789f7087b5ab0e166afedf29e7385c6aa7"
  },
  "lscr.io/linuxserver/mariadb": {
    "metadata": {
      "name": "linuxserver/mariadb",
      "selected_version": "latest",
      "resolved_version": "sha256:4fd30d278d9c85158706679451dac3d48aeec9c447fc0135d8c75b3c938b61e7",
      "dep_type": "docker",
      "description": "Docker image linuxserver/mariadb:latest from lscr.io"
    },
    "lock": "sha256:4fd30d278d9c85158706679451dac3d48aeec9c447fc0135d8c75b3c938b61e7"
  },
  "lscr.io/linuxserver/nextcloud": {
    "metadata": {
      "name": "linuxserver/nextcloud",
      "selected_version": "latest",
      "resolved_version": "sha256:397d5e5bdf1d626ab3f160575f6b8415b6479f5f258607c902385e48c92f2045",
      "dep_type": "docker",
      "description": "Docker image linuxserver/nextcloud:latest from lscr.io"
    },
    "lock": "sha256:397d5e5bdf1d626ab3f160575f6b8415b6479f5f258607c902385e48c92f2045"
  },
  "lscr.io/linuxserver/speedtest-tracker": {
    "metadata": {
      "name": "linuxserver/speedtest-tracker",
      "selected_version": "latest",
      "resolved_version": "sha256:4c698dc3a5d989c8d92512600d303f23ff2e6e789c89674adb083372ac67fe2c",
      "dep_type": "docker",
      "description": "Docker image linuxserver/speedtest-tracker:latest from lscr.io"
    },
    "lock": "sha256:4c698dc3a5d989c8d92512600d303f23ff2e6e789c89674adb083372ac67fe2c"
  },
  "lscr.io/linuxserver/swag:latest": {
    "metadata": {
      "name": "linuxserver/swag",
      "selected_version": "latest",
      "resolved_version": "sha256:fb6ed6294a49db95c3e9348d5ad933fc14228e47a50414d3aee60a6321754ca0",
      "dep_type": "docker",
      "description": "Docker image linuxserver/swag:latest from lscr.io"
    },
    "lock": "sha256:fb6ed6294a49db95c3e9348d5ad933fc14228e47a50414d3aee60a6321754ca0"
  },
  "lscr.io/linuxserver/unifi-network-application": {
    "metadata": {
      "name": "linuxserver/unifi-network-application",
      "selected_version": "latest",
      "resolved_version": "sha256:3d8b5fecd663325aa70342dab32d4b70df6f93472d7f5986d2eb3f98bc1c564f",
      "dep_type": "docker",
      "description": "Docker image linuxserver/unifi-network-application:latest from lscr.io"
    },
    "lock": "sha256:3d8b5fecd663325aa70342dab32d4b70df6f93472d7f5986d2eb3f98bc1c564f"
  },
  "nold360/borgserver:latest": {
    "metadata": {
      "name": "nold360/borgserver",
      "selected_version": "latest",
      "resolved_version": "sha256:1130fe0e81b554b84b1dbfa17f7fb907807e5442191dc8dacc4cc39624249afb",
      "dep_type": "docker",
      "description": "Docker image nold360/borgserver:latest from registry-1.docker.io"
    },
    "lock": "sha256:1130fe0e81b554b84b1dbfa17f7fb907807e5442191dc8dacc4cc39624249afb"
  },
  "searxng/searxng:latest": {
    "metadata": {
      "name": "searxng/searxng",
      "selected_version": "latest",
      "resolved_version": "sha256:b7492e1b8fcb376191809982e6a45dc809a5d0e641d81feaa53a1fac6c599b9e",
      "dep_type": "docker",
      "description": "Docker image searxng/searxng:latest from registry-1.docker.io"
    },
    "lock": "sha256:b7492e1b8fcb376191809982e6a45dc809a5d0e641d81feaa53a1fac6c599b9e"
  },
  "valkey/valkey:8-alpine": {
    "metadata": {
      "name": "valkey/valkey",
      "selected_version": "8-alpine",
      "resolved_version": "2026-06-30",
      "timestamp": "2026-06-30T18:26:07.562568228Z",
      "dep_type": "docker",
      "description": "Docker image valkey/valkey:8-alpine from registry-1.docker.io"
    },
    "lock": "sha256:cfe71288f087704b06be45e270afa7a2abbf820093d6b11a23762081f5ff321d"
  },
  "vaultwarden/server": {
    "metadata": {
      "name": "vaultwarden/server",
      "selected_version": "latest",
      "resolved_version": "sha256:d626d04934cd1192ad8ced1adb975099fca78cec33ab467d2d3c923cde7f3b0c",
      "dep_type": "docker",
      "description": "Docker image vaultwarden/server:latest from registry-1.docker.io"
    },
    "lock": "sha256:d626d04934cd1192ad8ced1adb975099fca78cec33ab467d2d3c923cde7f3b0c"
  },
  "zwavejs/zwavejs2mqtt": {
    "metadata": {
      "name": "zwavejs/zwavejs2mqtt",
      "selected_version": "latest",
      "resolved_version": "sha256:e0345dfb398059efc50721b90b1a9b5e178864c403105dd99c4230578c08659a",
      "dep_type": "docker",
      "description": "Docker image zwavejs/zwavejs2mqtt:latest from registry-1.docker.io"
    },
    "lock": "sha256:e0345dfb398059efc50721b90b1a9b5e178864c403105dd99c4230578c08659a"
  }
}